
Microsoft Visual Studio Solution File, Format Version 12.00
# Visual Studio 15
VisualStudioVersion = 15.0.26124.0
MinimumVisualStudioVersion = 15.0.26124.0
Project("{FAE04EC0-301F-11D3-BF4B-00C04F79EFBC}") = "bnFactory", "bnFactory\bnFactory.csproj", "{1A7F1129-9AF3-4BF3-8F24-3036C1192A90}"
EndProject
Project("{FAE04EC0-301F-11D3-BF4B-00C04F79EFBC}") = "bnUI", "bnUI\bnUI.csproj", "{F5D00E26-239D-450A-B4C3-EB44C1006860}"
EndProject
Project("{FAE04EC0-301F-11D3-BF4B-00C04F79EFBC}") = "bnData", "bnData\bnData.csproj", "{132E7D5D-D4E1-4B49-B607-1196B2669E9D}"
EndProject
Project("{FAE04EC0-301F-11D3-BF4B-00C04F79EFBC}") = "bnCoreAPI", "bnCoreAPI\bnCoreAPI.csproj", "{3CC5E101-7AD7-4EF8-AB4A-839D49968ADA}"
EndProject
Project("{2150E333-8FDC-42A3-9474-1A3956D46DE8}") = "Tests", "Tests", "{CC1FAEC3-22BF-4863-8BF8-11C4A67ECFC5}"
EndProject
Project("{FAE04EC0-301F-11D3-BF4B-00C04F79EFBC}") = "bnBusCommon.tests", "Tests\bnBusCommon.tests\bnBusCommon.tests.csproj", "{4E5CB3E3-E103-47DE-8756-09D3C32B3CA8}"
EndProject
Project("{FAE04EC0-301F-11D3-BF4B-00C04F79EFBC}") = "bnBusFin.tests", "Tests\bnBusFin.tests\bnBusFin.tests.csproj", "{512F9624-385A-4A66-B9B8-09A464370936}"
EndProject
Global
	GlobalSection(SolutionConfigurationPlatforms) = preSolution
		Debug|Any CPU = Debug|Any CPU
		Debug|x64 = Debug|x64
		Debug|x86 = Debug|x86
		Release|Any CPU = Release|Any CPU
		Release|x64 = Release|x64
		Release|x86 = Release|x86
	EndGlobalSection
	GlobalSection(SolutionProperties) = preSolution
		HideSolutionNode = FALSE
	EndGlobalSection
	GlobalSection(ProjectConfigurationPlatforms) = postSolution
		{1A7F1129-9AF3-4BF3-8F24-3036C1192A90}.Debug|Any CPU.ActiveCfg = Debug|Any CPU
		{1A7F1129-9AF3-4BF3-8F24-3036C1192A90}.Debug|Any CPU.Build.0 = Debug|Any CPU
		{1A7F1129-9AF3-4BF3-8F24-3036C1192A90}.Debug|x64.ActiveCfg = Debug|x64
		{1A7F1129-9AF3-4BF3-8F24-3036C1192A90}.Debug|x64.Build.0 = Debug|x64
		{1A7F1129-9AF3-4BF3-8F24-3036C1192A90}.Debug|x86.ActiveCfg = Debug|x86
		{1A7F1129-9AF3-4BF3-8F24-3036C1192A90}.Debug|x86.Build.0 = Debug|x86
		{1A7F1129-9AF3-4BF3-8F24-3036C1192A90}.Release|Any CPU.ActiveCfg = Release|Any CPU
		{1A7F1129-9AF3-4BF3-8F24-3036C1192A90}.Release|Any CPU.Build.0 = Release|Any CPU
		{1A7F1129-9AF3-4BF3-8F24-3036C1192A90}.Release|x64.ActiveCfg = Release|x64
		{1A7F1129-9AF3-4BF3-8F24-3036C1192A90}.Release|x64.Build.0 = Release|x64
		{1A7F1129-9AF3-4BF3-8F24-3036C1192A90}.Release|x86.ActiveCfg = Release|x86
		{1A7F1129-9AF3-4BF3-8F24-3036C1192A90}.Release|x86.Build.0 = Release|x86
		{F5D00E26-239D-450A-B4C3-EB44C1006860}.Debug|Any CPU.ActiveCfg = Debug|Any CPU
		{F5D00E26-239D-450A-B4C3-EB44C1006860}.Debug|Any CPU.Build.0 = Debug|Any CPU
		{F5D00E26-239D-450A-B4C3-EB44C1006860}.Debug|x64.ActiveCfg = Debug|x64
		{F5D00E26-239D-450A-B4C3-EB44C1006860}.Debug|x64.Build.0 = Debug|x64
		{F5D00E26-239D-450A-B4C3-EB44C1006860}.Debug|x86.ActiveCfg = Debug|x86
		{F5D00E26-239D-450A-B4C3-EB44C1006860}.Debug|x86.Build.0 = Debug|x86
		{F5D00E26-239D-450A-B4C3-EB44C1006860}.Release|Any CPU.ActiveCfg = Release|Any CPU
		{F5D00E26-239D-450A-B4C3-EB44C1006860}.Release|Any CPU.Build.0 = Release|Any CPU
		{F5D00E26-239D-450A-B4C3-EB44C1006860}.Release|x64.ActiveCfg = Release|x64
		{F5D00E26-239D-450A-B4C3-EB44C1006860}.Release|x64.Build.0 = Release|x64
		{F5D00E26-239D-450A-B4C3-EB44C1006860}.Release|x86.ActiveCfg = Release|x86
		{F5D00E26-239D-450A-B4C3-EB44C1006860}.Release|x86.Build.0 = Release|x86
		{132E7D5D-D4E1-4B49-B607-1196B2669E9D}.Debug|Any CPU.ActiveCfg = Debug|Any CPU
		{132E7D5D-D4E1-4B49-B607-1196B2669E9D}.Debug|Any CPU.Build.0 = Debug|Any CPU
		{132E7D5D-D4E1-4B49-B607-1196B2669E9D}.Debug|x64.ActiveCfg = Debug|x64
		{132E7D5D-D4E1-4B49-B607-1196B2669E9D}.Debug|x64.Build.0 = Debug|x64
		{132E7D5D-D4E1-4B49-B607-1196B2669E9D}.Debug|x86.ActiveCfg = Debug|x86
		{132E7D5D-D4E1-4B49-B607-1196B2669E9D}.Debug|x86.Build.0 = Debug|x86
		{132E7D5D-D4E1-4B49-B607-1196B2669E9D}.Release|Any CPU.ActiveCfg = Release|Any CPU
		{132E7D5D-D4E1-4B49-B607-1196B2669E9D}.Release|Any CPU.Build.0 = Release|Any CPU
		{132E7D5D-D4E1-4B49-B607-1196B2669E9D}.Release|x64.ActiveCfg = Release|x64
		{132E7D5D-D4E1-4B49-B607-1196B2669E9D}.Release|x64.Build.0 = Release|x64
		{132E7D5D-D4E1-4B49-B607-1196B2669E9D}.Release|x86.ActiveCfg = Release|x86
		{132E7D5D-D4E1-4B49-B607-1196B2669E9D}.Release|x86.Build.0 = Release|x86
		{3CC5E101-7AD7-4EF8-AB4A-839D49968ADA}.Debug|Any CPU.ActiveCfg = Debug|Any CPU
		{3CC5E101-7AD7-4EF8-AB4A-839D49968ADA}.Debug|Any CPU.Build.0 = Debug|Any CPU
		{3CC5E101-7AD7-4EF8-AB4A-839D49968ADA}.Debug|x64.ActiveCfg = Debug|x64
		{3CC5E101-7AD7-4EF8-AB4A-839D49968ADA}.Debug|x64.Build.0 = Debug|x64
		{3CC5E101-7AD7-4EF8-AB4A-839D49968ADA}.Debug|x86.ActiveCfg = Debug|x86
		{3CC5E101-7AD7-4EF8-AB4A-839D49968ADA}.Debug|x86.Build.0 = Debug|x86
		{3CC5E101-7AD7-4EF8-AB4A-839D49968ADA}.Release|Any CPU.ActiveCfg = Release|Any CPU
		{3CC5E101-7AD7-4EF8-AB4A-839D49968ADA}.Release|Any CPU.Build.0 = Release|Any CPU
		{3CC5E101-7AD7-4EF8-AB4A-839D49968ADA}.Release|x64.ActiveCfg = Release|x64
		{3CC5E101-7AD7-4EF8-AB4A-839D49968ADA}.Release|x64.Build.0 = Release|x64
		{3CC5E101-7AD7-4EF8-AB4A-839D49968ADA}.Release|x86.ActiveCfg = Release|x86
		{3CC5E101-7AD7-4EF8-AB4A-839D49968ADA}.Release|x86.Build.0 = Release|x86
		{4E5CB3E3-E103-47DE-8756-09D3C32B3CA8}.Debug|Any CPU.ActiveCfg = Debug|Any CPU
		{4E5CB3E3-E103-47DE-8756-09D3C32B3CA8}.Debug|Any CPU.Build.0 = Debug|Any CPU
		{4E5CB3E3-E103-47DE-8756-09D3C32B3CA8}.Debug|x64.ActiveCfg = Debug|x64
		{4E5CB3E3-E103-47DE-8756-09D3C32B3CA8}.Debug|x64.Build.0 = Debug|x64
		{4E5CB3E3-E103-47DE-8756-09D3C32B3CA8}.Debug|x86.ActiveCfg = Debug|x86
		{4E5CB3E3-E103-47DE-8756-09D3C32B3CA8}.Debug|x86.Build.0 = Debug|x86
		{4E5CB3E3-E103-47DE-8756-09D3C32B3CA8}.Release|Any CPU.ActiveCfg = Release|Any CPU
		{4E5CB3E3-E103-47DE-8756-09D3C32B3CA8}.Release|Any CPU.Build.0 = Release|Any CPU
		{4E5CB3E3-E103-47DE-8756-09D3C32B3CA8}.Release|x64.ActiveCfg = Release|x64
		{4E5CB3E3-E103-47DE-8756-09D3C32B3CA8}.Release|x64.Build.0 = Release|x64
		{4E5CB3E3-E103-47DE-8756-09D3C32B3CA8}.Release|x86.ActiveCfg = Release|x86
		{4E5CB3E3-E103-47DE-8756-09D3C32B3CA8}.Release|x86.Build.0 = Release|x86
		{512F9624-385A-4A66-B9B8-09A464370936}.Debug|Any CPU.ActiveCfg = Debug|Any CPU
		{512F9624-385A-4A66-B9B8-09A464370936}.Debug|Any CPU.Build.0 = Debug|Any CPU
		{512F9624-385A-4A66-B9B8-09A464370936}.Debug|x64.ActiveCfg = Debug|x64
		{512F9624-385A-4A66-B9B8-09A464370936}.Debug|x64.Build.0 = Debug|x64
		{512F9624-385A-4A66-B9B8-09A464370936}.Debug|x86.ActiveCfg = Debug|x86
		{512F9624-385A-4A66-B9B8-09A464370936}.Debug|x86.Build.0 = Debug|x86
		{512F9624-385A-4A66-B9B8-09A464370936}.Release|Any CPU.ActiveCfg = Release|Any CPU
		{512F9624-385A-4A66-B9B8-09A464370936}.Release|Any CPU.Build.0 = Release|Any CPU
		{512F9624-385A-4A66-B9B8-09A464370936}.Release|x64.ActiveCfg = Release|x64
		{512F9624-385A-4A66-B9B8-09A464370936}.Release|x64.Build.0 = Release|x64
		{512F9624-385A-4A66-B9B8-09A464370936}.Release|x86.ActiveCfg = Release|x86
		{512F9624-385A-4A66-B9B8-09A464370936}.Release|x86.Build.0 = Release|x86
	EndGlobalSection
	GlobalSection(NestedProjects) = preSolution
		{4E5CB3E3-E103-47DE-8756-09D3C32B3CA8} = {CC1FAEC3-22BF-4863-8BF8-11C4A67ECFC5}
		{512F9624-385A-4A66-B9B8-09A464370936} = {CC1FAEC3-22BF-4863-8BF8-11C4A67ECFC5}
	EndGlobalSection
EndGlobal
