
Microsoft Visual Studio Solution File, Format Version 12.00
# Visual Studio 15
VisualStudioVersion = 15.0.26124.0
MinimumVisualStudioVersion = 15.0.26124.0
Project("{2150E333-8FDC-42A3-9474-1A3956D46DE8}") = "Tests", "Tests", "{9000743B-D729-4846-9EC6-03C3BA2F02F6}"
EndProject
Project("{2150E333-8FDC-42A3-9474-1A3956D46DE8}") = "Solution Files", "Solution Files", "{FA740649-7F20-454C-898E-788188DC4D44}"
	ProjectSection(SolutionItems) = preProject
		README.md = README.md
	EndProjectSection
EndProject
Project("{9A19103F-16F7-4668-BE54-9A1E7A4F7556}") = "bnAPI", "bnAPI\bnAPI.csproj", "{FB24CBCE-E8F3-4546-8BBF-BD572C68EDAB}"
EndProject
Project("{9A19103F-16F7-4668-BE54-9A1E7A4F7556}") = "bnUI", "bnUI\bnUI.csproj", "{248C593C-34FE-4F03-BC6B-892ADDB06B5B}"
EndProject
Project("{9A19103F-16F7-4668-BE54-9A1E7A4F7556}") = "bnCommon", "bnCommon\bnCommon.csproj", "{B3D8304E-BDD5-4FE3-81F1-56FDCF3BB29D}"
EndProject
Project("{9A19103F-16F7-4668-BE54-9A1E7A4F7556}") = "bnData", "bnData\bnData.csproj", "{54929191-67BF-45E0-A622-8E3770832367}"
EndProject
Project("{9A19103F-16F7-4668-BE54-9A1E7A4F7556}") = "bnFactory", "bnFactory\bnFactory.csproj", "{81D273A4-E0F7-4AB1-A12B-1B4FFE5915CE}"
EndProject
Project("{9A19103F-16F7-4668-BE54-9A1E7A4F7556}") = "bnFin", "bnFin\bnFin.csproj", "{E8C99E36-2F03-4F53-B584-3C10A48B680B}"
EndProject
Project("{9A19103F-16F7-4668-BE54-9A1E7A4F7556}") = "bnBusHub", "bnBusHub\bnBusHub.csproj", "{B0D6F553-1047-4CB2-A174-06C97A99D97E}"
EndProject
Project("{FAE04EC0-301F-11D3-BF4B-00C04F79EFBC}") = "busTests", "busTests\busTests.csproj", "{8CA361CD-FB06-4A84-9E5D-512D8E703CA7}"
EndProject
Project("{FAE04EC0-301F-11D3-BF4B-00C04F79EFBC}") = "APITests", "APITests\APITests.csproj", "{2F8E9A64-FC9C-4474-B59F-9371ABDE5E47}"
EndProject
Global
	GlobalSection(SolutionConfigurationPlatforms) = preSolution
		Debug|Any CPU = Debug|Any CPU
		Release|Any CPU = Release|Any CPU
	EndGlobalSection
	GlobalSection(ProjectConfigurationPlatforms) = postSolution
		{FB24CBCE-E8F3-4546-8BBF-BD572C68EDAB}.Debug|Any CPU.ActiveCfg = Debug|Any CPU
		{FB24CBCE-E8F3-4546-8BBF-BD572C68EDAB}.Debug|Any CPU.Build.0 = Debug|Any CPU
		{FB24CBCE-E8F3-4546-8BBF-BD572C68EDAB}.Release|Any CPU.ActiveCfg = Release|Any CPU
		{FB24CBCE-E8F3-4546-8BBF-BD572C68EDAB}.Release|Any CPU.Build.0 = Release|Any CPU
		{248C593C-34FE-4F03-BC6B-892ADDB06B5B}.Debug|Any CPU.ActiveCfg = Debug|Any CPU
		{248C593C-34FE-4F03-BC6B-892ADDB06B5B}.Debug|Any CPU.Build.0 = Debug|Any CPU
		{248C593C-34FE-4F03-BC6B-892ADDB06B5B}.Release|Any CPU.ActiveCfg = Release|Any CPU
		{248C593C-34FE-4F03-BC6B-892ADDB06B5B}.Release|Any CPU.Build.0 = Release|Any CPU
		{B3D8304E-BDD5-4FE3-81F1-56FDCF3BB29D}.Debug|Any CPU.ActiveCfg = Debug|Any CPU
		{B3D8304E-BDD5-4FE3-81F1-56FDCF3BB29D}.Debug|Any CPU.Build.0 = Debug|Any CPU
		{B3D8304E-BDD5-4FE3-81F1-56FDCF3BB29D}.Release|Any CPU.ActiveCfg = Release|Any CPU
		{B3D8304E-BDD5-4FE3-81F1-56FDCF3BB29D}.Release|Any CPU.Build.0 = Release|Any CPU
		{54929191-67BF-45E0-A622-8E3770832367}.Debug|Any CPU.ActiveCfg = Debug|Any CPU
		{54929191-67BF-45E0-A622-8E3770832367}.Debug|Any CPU.Build.0 = Debug|Any CPU
		{54929191-67BF-45E0-A622-8E3770832367}.Release|Any CPU.ActiveCfg = Release|Any CPU
		{54929191-67BF-45E0-A622-8E3770832367}.Release|Any CPU.Build.0 = Release|Any CPU
		{81D273A4-E0F7-4AB1-A12B-1B4FFE5915CE}.Debug|Any CPU.ActiveCfg = Debug|Any CPU
		{81D273A4-E0F7-4AB1-A12B-1B4FFE5915CE}.Debug|Any CPU.Build.0 = Debug|Any CPU
		{81D273A4-E0F7-4AB1-A12B-1B4FFE5915CE}.Release|Any CPU.ActiveCfg = Release|Any CPU
		{81D273A4-E0F7-4AB1-A12B-1B4FFE5915CE}.Release|Any CPU.Build.0 = Release|Any CPU
		{E8C99E36-2F03-4F53-B584-3C10A48B680B}.Debug|Any CPU.ActiveCfg = Debug|Any CPU
		{E8C99E36-2F03-4F53-B584-3C10A48B680B}.Debug|Any CPU.Build.0 = Debug|Any CPU
		{E8C99E36-2F03-4F53-B584-3C10A48B680B}.Release|Any CPU.ActiveCfg = Release|Any CPU
		{E8C99E36-2F03-4F53-B584-3C10A48B680B}.Release|Any CPU.Build.0 = Release|Any CPU
		{B0D6F553-1047-4CB2-A174-06C97A99D97E}.Debug|Any CPU.ActiveCfg = Debug|Any CPU
		{B0D6F553-1047-4CB2-A174-06C97A99D97E}.Debug|Any CPU.Build.0 = Debug|Any CPU
		{B0D6F553-1047-4CB2-A174-06C97A99D97E}.Release|Any CPU.ActiveCfg = Release|Any CPU
		{B0D6F553-1047-4CB2-A174-06C97A99D97E}.Release|Any CPU.Build.0 = Release|Any CPU
		{8CA361CD-FB06-4A84-9E5D-512D8E703CA7}.Debug|Any CPU.ActiveCfg = Debug|Any CPU
		{8CA361CD-FB06-4A84-9E5D-512D8E703CA7}.Debug|Any CPU.Build.0 = Debug|Any CPU
		{8CA361CD-FB06-4A84-9E5D-512D8E703CA7}.Release|Any CPU.ActiveCfg = Release|Any CPU
		{8CA361CD-FB06-4A84-9E5D-512D8E703CA7}.Release|Any CPU.Build.0 = Release|Any CPU
		{2F8E9A64-FC9C-4474-B59F-9371ABDE5E47}.Debug|Any CPU.ActiveCfg = Debug|Any CPU
		{2F8E9A64-FC9C-4474-B59F-9371ABDE5E47}.Debug|Any CPU.Build.0 = Debug|Any CPU
		{2F8E9A64-FC9C-4474-B59F-9371ABDE5E47}.Release|Any CPU.ActiveCfg = Release|Any CPU
		{2F8E9A64-FC9C-4474-B59F-9371ABDE5E47}.Release|Any CPU.Build.0 = Release|Any CPU
	EndGlobalSection
	GlobalSection(SolutionProperties) = preSolution
		HideSolutionNode = FALSE
	EndGlobalSection
	GlobalSection(NestedProjects) = preSolution
		{8CA361CD-FB06-4A84-9E5D-512D8E703CA7} = {9000743B-D729-4846-9EC6-03C3BA2F02F6}
		{2F8E9A64-FC9C-4474-B59F-9371ABDE5E47} = {9000743B-D729-4846-9EC6-03C3BA2F02F6}
	EndGlobalSection
	GlobalSection(ExtensibilityGlobals) = postSolution
		SolutionGuid = {689CDCB3-A2E2-4319-BD29-51FA79A34E01}
	EndGlobalSection
EndGlobal
