
Microsoft Visual Studio Solution File, Format Version 12.00
# Visual Studio 15
VisualStudioVersion = 15.0.26124.0
MinimumVisualStudioVersion = 15.0.26124.0
Project("{9A19103F-16F7-4668-BE54-9A1E7A4F7556}") = "secLayer", "secLayer.csproj", "{3778BE12-B9C4-4DE1-B408-AE44E5121720}"
EndProject
Project("{9A19103F-16F7-4668-BE54-9A1E7A4F7556}") = "bnFactory", "..\bnFactory\bnFactory.csproj", "{1060AEC6-9BDC-446D-BEC2-EFFC9712B96B}"
EndProject
Project("{9A19103F-16F7-4668-BE54-9A1E7A4F7556}") = "bnData", "..\bnData\bnData.csproj", "{B759A188-2914-4814-ABA4-DE725A30CC75}"
EndProject
Global
	GlobalSection(SolutionConfigurationPlatforms) = preSolution
		Debug|Any CPU = Debug|Any CPU
		Debug|x64 = Debug|x64
		Debug|x86 = Debug|x86
		Release|Any CPU = Release|Any CPU
		Release|x64 = Release|x64
		Release|x86 = Release|x86
	EndGlobalSection
	GlobalSection(ProjectConfigurationPlatforms) = postSolution
		{3778BE12-B9C4-4DE1-B408-AE44E5121720}.Debug|Any CPU.ActiveCfg = Debug|Any CPU
		{3778BE12-B9C4-4DE1-B408-AE44E5121720}.Debug|Any CPU.Build.0 = Debug|Any CPU
		{3778BE12-B9C4-4DE1-B408-AE44E5121720}.Debug|x64.ActiveCfg = Debug|Any CPU
		{3778BE12-B9C4-4DE1-B408-AE44E5121720}.Debug|x64.Build.0 = Debug|Any CPU
		{3778BE12-B9C4-4DE1-B408-AE44E5121720}.Debug|x86.ActiveCfg = Debug|Any CPU
		{3778BE12-B9C4-4DE1-B408-AE44E5121720}.Debug|x86.Build.0 = Debug|Any CPU
		{3778BE12-B9C4-4DE1-B408-AE44E5121720}.Release|Any CPU.ActiveCfg = Release|Any CPU
		{3778BE12-B9C4-4DE1-B408-AE44E5121720}.Release|Any CPU.Build.0 = Release|Any CPU
		{3778BE12-B9C4-4DE1-B408-AE44E5121720}.Release|x64.ActiveCfg = Release|Any CPU
		{3778BE12-B9C4-4DE1-B408-AE44E5121720}.Release|x64.Build.0 = Release|Any CPU
		{3778BE12-B9C4-4DE1-B408-AE44E5121720}.Release|x86.ActiveCfg = Release|Any CPU
		{3778BE12-B9C4-4DE1-B408-AE44E5121720}.Release|x86.Build.0 = Release|Any CPU
		{1060AEC6-9BDC-446D-BEC2-EFFC9712B96B}.Debug|Any CPU.ActiveCfg = Debug|Any CPU
		{1060AEC6-9BDC-446D-BEC2-EFFC9712B96B}.Debug|Any CPU.Build.0 = Debug|Any CPU
		{1060AEC6-9BDC-446D-BEC2-EFFC9712B96B}.Debug|x64.ActiveCfg = Debug|Any CPU
		{1060AEC6-9BDC-446D-BEC2-EFFC9712B96B}.Debug|x64.Build.0 = Debug|Any CPU
		{1060AEC6-9BDC-446D-BEC2-EFFC9712B96B}.Debug|x86.ActiveCfg = Debug|Any CPU
		{1060AEC6-9BDC-446D-BEC2-EFFC9712B96B}.Debug|x86.Build.0 = Debug|Any CPU
		{1060AEC6-9BDC-446D-BEC2-EFFC9712B96B}.Release|Any CPU.ActiveCfg = Release|Any CPU
		{1060AEC6-9BDC-446D-BEC2-EFFC9712B96B}.Release|Any CPU.Build.0 = Release|Any CPU
		{1060AEC6-9BDC-446D-BEC2-EFFC9712B96B}.Release|x64.ActiveCfg = Release|Any CPU
		{1060AEC6-9BDC-446D-BEC2-EFFC9712B96B}.Release|x64.Build.0 = Release|Any CPU
		{1060AEC6-9BDC-446D-BEC2-EFFC9712B96B}.Release|x86.ActiveCfg = Release|Any CPU
		{1060AEC6-9BDC-446D-BEC2-EFFC9712B96B}.Release|x86.Build.0 = Release|Any CPU
		{B759A188-2914-4814-ABA4-DE725A30CC75}.Debug|Any CPU.ActiveCfg = Debug|Any CPU
		{B759A188-2914-4814-ABA4-DE725A30CC75}.Debug|Any CPU.Build.0 = Debug|Any CPU
		{B759A188-2914-4814-ABA4-DE725A30CC75}.Debug|x64.ActiveCfg = Debug|Any CPU
		{B759A188-2914-4814-ABA4-DE725A30CC75}.Debug|x64.Build.0 = Debug|Any CPU
		{B759A188-2914-4814-ABA4-DE725A30CC75}.Debug|x86.ActiveCfg = Debug|Any CPU
		{B759A188-2914-4814-ABA4-DE725A30CC75}.Debug|x86.Build.0 = Debug|Any CPU
		{B759A188-2914-4814-ABA4-DE725A30CC75}.Release|Any CPU.ActiveCfg = Release|Any CPU
		{B759A188-2914-4814-ABA4-DE725A30CC75}.Release|Any CPU.Build.0 = Release|Any CPU
		{B759A188-2914-4814-ABA4-DE725A30CC75}.Release|x64.ActiveCfg = Release|Any CPU
		{B759A188-2914-4814-ABA4-DE725A30CC75}.Release|x64.Build.0 = Release|Any CPU
		{B759A188-2914-4814-ABA4-DE725A30CC75}.Release|x86.ActiveCfg = Release|Any CPU
		{B759A188-2914-4814-ABA4-DE725A30CC75}.Release|x86.Build.0 = Release|Any CPU
	EndGlobalSection
	GlobalSection(SolutionProperties) = preSolution
		HideSolutionNode = FALSE
	EndGlobalSection
	GlobalSection(ExtensibilityGlobals) = postSolution
		SolutionGuid = {1C1677B2-578D-458F-B19C-E432C82A3D40}
	EndGlobalSection
EndGlobal
